// !$*UTF8*$!
{
	archiveVersion = 1;
	classes = {
	};
	objectVersion = 55;
	objects = {

/* Begin PBXBuildFile section */
		11DD732F2893033100ADA494 /* app_bleApp.swift in Sources */ = {isa = PBXBuildFile; fileRef = 11DD732E2893033100ADA494 /* app_bleApp.swift */; };
		11DD73312893033100ADA494 /* ContentView.swift in Sources */ = {isa = PBXBuildFile; fileRef = 11DD73302893033100ADA494 /* ContentView.swift */; };
		11DD73332893033300ADA494 /* Assets.xcassets in Resources */ = {isa = PBXBuildFile; fileRef = 11DD73322893033300ADA494 /* Assets.xcassets */; };
		11DD73362893033300ADA494 /* Preview Assets.xcassets in Resources */ = {isa = PBXBuildFile; fileRef = 11DD73352893033300ADA494 /* Preview Assets.xcassets */; };
		11DD73402893033300ADA494 /* app_bleTests.swift in Sources */ = {isa = PBXBuildFile; fileRef = 11DD733F2893033300ADA494 /* app_bleTests.swift */; };
		11DD734A2893033300ADA494 /* app_bleUITests.swift in Sources */ = {isa = PBXBuildFile; fileRef = 11DD73492893033300ADA494 /* app_bleUITests.swift */; };
		11DD734C2893033300ADA494 /* app_bleUITestsLaunchTests.swift in Sources */ = {isa = PBXBuildFile; fileRef = 11DD734B2893033300ADA494 /* app_bleUITestsLaunchTests.swift */; };
		37346B20C3147E100ABBE8EA /* Pods_app_ble.framework in Frameworks */ = {isa = PBXBuildFile; fileRef = 810C474FF0E0F601AD0803A7 /* Pods_app_ble.framework */; };
		71B8319C394532A2E66ED434 /* Pods_app_bleTests.framework in Frameworks */ = {isa = PBXBuildFile; fileRef = 5C4FA65E98CF2AE007990630 /* Pods_app_bleTests.framework */; };
		8CA2A565F5B57AEDA6BF5377 /* Pods_app_ble_app_bleUITests.framework in Frameworks */ = {isa = PBXBuildFile; fileRef = 9AA19B5E73AF3F5CFB77C2E6 /* Pods_app_ble_app_bleUITests.framework */; };
/* End PBXBuildFile section */

/* Begin PBXContainerItemProxy section */
		11DD733C2893033300ADA494 /* PBXContainerItemProxy */ = {
			isa = PBXContainerItemProxy;
			containerPortal = 11DD73232893033100ADA494 /* Project object */;
			proxyType = 1;
			remoteGlobalIDString = 11DD732A2893033100ADA494;
			remoteInfo = "app-ble";
		};
		11DD73462893033300ADA494 /* PBXContainerItemProxy */ = {
			isa = PBXContainerItemProxy;
			containerPortal = 11DD73232893033100ADA494 /* Project object */;
			proxyType = 1;
			remoteGlobalIDString = 11DD732A2893033100ADA494;
			remoteInfo = "app-ble";
		};
/* End PBXContainerItemProxy section */

/* Begin PBXFileReference section */
		11DD732B2893033100ADA494 /* app-ble.app */ = {isa = PBXFileReference; explicitFileType = wrapper.application; includeInIndex = 0; path = "app-ble.app"; sourceTree = BUILT_PRODUCTS_DIR; };
		11DD732E2893033100ADA494 /* app_bleApp.swift */ = {isa = PBXFileReference; lastKnownFileType = sourcecode.swift; path = app_bleApp.swift; sourceTree = "<group>"; };
		11DD73302893033100ADA494 /* ContentView.swift */ = {isa = PBXFileReference; lastKnownFileType = sourcecode.swift; path = ContentView.swift; sourceTree = "<group>"; };
		11DD73322893033300ADA494 /* Assets.xcassets */ = {isa = PBXFileReference; lastKnownFileType = folder.assetcatalog; path = Assets.xcassets; sourceTree = "<group>"; };
		11DD73352893033300ADA494 /* Preview Assets.xcassets */ = {isa = PBXFileReference; lastKnownFileType = folder.assetcatalog; path = "Preview Assets.xcassets"; sourceTree = "<group>"; };
		11DD733B2893033300ADA494 /* app-bleTests.xctest */ = {isa = PBXFileReference; explicitFileType = wrapper.cfbundle; includeInIndex = 0; path = "app-bleTests.xctest"; sourceTree = BUILT_PRODUCTS_DIR; };
		11DD733F2893033300ADA494 /* app_bleTests.swift */ = {isa = PBXFileReference; lastKnownFileType = sourcecode.swift; path = app_bleTests.swift; sourceTree = "<group>"; };
		11DD73452893033300ADA494 /* app-bleUITests.xctest */ = {isa = PBXFileReference; explicitFileType = wrapper.cfbundle; includeInIndex = 0; path = "app-bleUITests.xctest"; sourceTree = BUILT_PRODUCTS_DIR; };
		11DD73492893033300ADA494 /* app_bleUITests.swift */ = {isa = PBXFileReference; lastKnownFileType = sourcecode.swift; path = app_bleUITests.swift; sourceTree = "<group>"; };
		11DD734B2893033300ADA494 /* app_bleUITestsLaunchTests.swift */ = {isa = PBXFileReference; lastKnownFileType = sourcecode.swift; path = app_bleUITestsLaunchTests.swift; sourceTree = "<group>"; };
		14C6FDC3025CEBB36937D781 /* Pods-app-ble.release.xcconfig */ = {isa = PBXFileReference; includeInIndex = 1; lastKnownFileType = text.xcconfig; name = "Pods-app-ble.release.xcconfig"; path = "Target Support Files/Pods-app-ble/Pods-app-ble.release.xcconfig"; sourceTree = "<group>"; };
		281BCA2E6D6A3389292180AF /* Pods-app-ble-app-bleUITests.release.xcconfig */ = {isa = PBXFileReference; includeInIndex = 1; lastKnownFileType = text.xcconfig; name = "Pods-app-ble-app-bleUITests.release.xcconfig"; path = "Target Support Files/Pods-app-ble-app-bleUITests/Pods-app-ble-app-bleUITests.release.xcconfig"; sourceTree = "<group>"; };
		3EB3B2C5ECD6AA32611C6A0F /* Pods-app-bleTests.release.xcconfig */ = {isa = PBXFileReference; includeInIndex = 1; lastKnownFileType = text.xcconfig; name = "Pods-app-bleTests.release.xcconfig"; path = "Target Support Files/Pods-app-bleTests/Pods-app-bleTests.release.xcconfig"; sourceTree = "<group>"; };
		5C4FA65E98CF2AE007990630 /* Pods_app_bleTests.framework */ = {isa = PBXFileReference; explicitFileType = wrapper.framework; includeInIndex = 0; path = Pods_app_bleTests.framework; sourceTree = BUILT_PRODUCTS_DIR; };
		810C474FF0E0F601AD0803A7 /* Pods_app_ble.framework */ = {isa = PBXFileReference; explicitFileType = wrapper.framework; includeInIndex = 0; path = Pods_app_ble.framework; sourceTree = BUILT_PRODUCTS_DIR; };
		9AA19B5E73AF3F5CFB77C2E6 /* Pods_app_ble_app_bleUITests.framework */ = {isa = PBXFileReference; explicitFileType = wrapper.framework; includeInIndex = 0; path = Pods_app_ble_app_bleUITests.framework; sourceTree = BUILT_PRODUCTS_DIR; };
		B49CA43064675CCC28C08B5C /* Pods-app-ble-app-bleUITests.debug.xcconfig */ = {isa = PBXFileReference; includeInIndex = 1; lastKnownFileType = text.xcconfig; name = "Pods-app-ble-app-bleUITests.debug.xcconfig"; path = "Target Support Files/Pods-app-ble-app-bleUITests/Pods-app-ble-app-bleUITests.debug.xcconfig"; sourceTree = "<group>"; };
		BFF5B5AC6B12610FA8439D0B /* Pods-app-bleTests.debug.xcconfig */ = {isa = PBXFileReference; includeInIndex = 1; lastKnownFileType = text.xcconfig; name = "Pods-app-bleTests.debug.xcconfig"; path = "Target Support Files/Pods-app-bleTests/Pods-app-bleTests.debug.xcconfig"; sourceTree = "<group>"; };
		E09DF5C1039C9BC6F336BBCB /* Pods-app-ble.debug.xcconfig */ = {isa = PBXFileReference; includeInIndex = 1; lastKnownFileType = text.xcconfig; name = "Pods-app-ble.debug.xcconfig"; path = "Target Support Files/Pods-app-ble/Pods-app-ble.debug.xcconfig"; sourceTree = "<group>"; };
/* End PBXFileReference section */

/* Begin PBXFrameworksBuildPhase section */
		11DD73282893033100ADA494 /* Frameworks */ = {
			isa = PBXFrameworksBuildPhase;
			buildActionMask = 2147483647;
			files = (
				37346B20C3147E100ABBE8EA /* Pods_app_ble.framework in Frameworks */,
			);
			runOnlyForDeploymentPostprocessing = 0;
		};
		11DD73382893033300ADA494 /* Frameworks */ = {
			isa = PBXFrameworksBuildPhase;
			buildActionMask = 2147483647;
			files = (
				71B8319C394532A2E66ED434 /* Pods_app_bleTests.framework in Frameworks */,
			);
			runOnlyForDeploymentPostprocessing = 0;
		};
		11DD73422893033300ADA494 /* Frameworks */ = {
			isa = PBXFrameworksBuildPhase;
			buildActionMask = 2147483647;
			files = (
				8CA2A565F5B57AEDA6BF5377 /* Pods_app_ble_app_bleUITests.framework in Frameworks */,
			);
			runOnlyForDeploymentPostprocessing = 0;
		};
/* End PBXFrameworksBuildPhase section */

/* Begin PBXGroup section */
		11DD73222893033100ADA494 = {
			isa = PBXGroup;
			children = (
				11DD732D2893033100ADA494 /* app-ble */,
				11DD733E2893033300ADA494 /* app-bleTests */,
				11DD73482893033300ADA494 /* app-bleUITests */,
				11DD732C2893033100ADA494 /* Products */,
				D4BC0056DA6E152FA0DA7A92 /* Pods */,
				42F999AF5653448162FAF08D /* Frameworks */,
			);
			sourceTree = "<group>";
		};
		11DD732C2893033100ADA494 /* Products */ = {
			isa = PBXGroup;
			children = (
				11DD732B2893033100ADA494 /* app-ble.app */,
				11DD733B2893033300ADA494 /* app-bleTests.xctest */,
				11DD73452893033300ADA494 /* app-bleUITests.xctest */,
			);
			name = Products;
			sourceTree = "<group>";
		};
		11DD732D2893033100ADA494 /* app-ble */ = {
			isa = PBXGroup;
			children = (
				11DD732E2893033100ADA494 /* app_bleApp.swift */,
				11DD73302893033100ADA494 /* ContentView.swift */,
				11DD73322893033300ADA494 /* Assets.xcassets */,
				11DD73342893033300ADA494 /* Preview Content */,
			);
			path = "app-ble";
			sourceTree = "<group>";
		};
		11DD73342893033300ADA494 /* Preview Content */ = {
			isa = PBXGroup;
			children = (
				11DD73352893033300ADA494 /* Preview Assets.xcassets */,
			);
			path = "Preview Content";
			sourceTree = "<group>";
		};
		11DD733E2893033300ADA494 /* app-bleTests */ = {
			isa = PBXGroup;
			children = (
				11DD733F2893033300ADA494 /* app_bleTests.swift */,
			);
			path = "app-bleTests";
			sourceTree = "<group>";
		};
		11DD73482893033300ADA494 /* app-bleUITests */ = {
			isa = PBXGroup;
			children = (
				11DD73492893033300ADA494 /* app_bleUITests.swift */,
				11DD734B2893033300ADA494 /* app_bleUITestsLaunchTests.swift */,
			);
			path = "app-bleUITests";
			sourceTree = "<group>";
		};
		42F999AF5653448162FAF08D /* Frameworks */ = {
			isa = PBXGroup;
			children = (
				810C474FF0E0F601AD0803A7 /* Pods_app_ble.framework */,
				9AA19B5E73AF3F5CFB77C2E6 /* Pods_app_ble_app_bleUITests.framework */,
				5C4FA65E98CF2AE007990630 /* Pods_app_bleTests.framework */,
			);
			name = Frameworks;
			sourceTree = "<group>";
		};
		D4BC0056DA6E152FA0DA7A92 /* Pods */ = {
			isa = PBXGroup;
			children = (
				E09DF5C1039C9BC6F336BBCB /* Pods-app-ble.debug.xcconfig */,
				14C6FDC3025CEBB36937D781 /* Pods-app-ble.release.xcconfig */,
				B49CA43064675CCC28C08B5C /* Pods-app-ble-app-bleUITests.debug.xcconfig */,
				281BCA2E6D6A3389292180AF /* Pods-app-ble-app-bleUITests.release.xcconfig */,
				BFF5B5AC6B12610FA8439D0B /* Pods-app-bleTests.debug.xcconfig */,
				3EB3B2C5ECD6AA32611C6A0F /* Pods-app-bleTests.release.xcconfig */,
			);
			name = Pods;
			path = Pods;
			sourceTree = "<group>";
		};
/* End PBXGroup section */

/* Begin PBXNativeTarget section */
		11DD732A2893033100ADA494 /* app-ble */ = {
			isa = PBXNativeTarget;
			buildConfigurationList = 11DD734F2893033300ADA494 /* Build configuration list for PBXNativeTarget "app-ble" */;
			buildPhases = (
				E3808C73063DBB5CDC0D50D7 /* [CP] Check Pods Manifest.lock */,
				11DD73272893033100ADA494 /* Sources */,
				11DD73282893033100ADA494 /* Frameworks */,
				11DD73292893033100ADA494 /* Resources */,
				24B62D24909257C55669C7F7 /* [CP] Embed Pods Frameworks */,
			);
			buildRules = (
			);
			dependencies = (
			);
			name = "app-ble";
			productName = "app-ble";
			productReference = 11DD732B2893033100ADA494 /* app-ble.app */;
			productType = "com.apple.product-type.application";
		};
		11DD733A2893033300ADA494 /* app-bleTests */ = {
			isa = PBXNativeTarget;
			buildConfigurationList = 11DD73522893033300ADA494 /* Build configuration list for PBXNativeTarget "app-bleTests" */;
			buildPhases = (
				BB1486079F44DBD688D311D0 /* [CP] Check Pods Manifest.lock */,
				11DD73372893033300ADA494 /* Sources */,
				11DD73382893033300ADA494 /* Frameworks */,
				11DD73392893033300ADA494 /* Resources */,
			);
			buildRules = (
			);
			dependencies = (
				11DD733D2893033300ADA494 /* PBXTargetDependency */,
			);
			name = "app-bleTests";
			productName = "app-bleTests";
			productReference = 11DD733B2893033300ADA494 /* app-bleTests.xctest */;
			productType = "com.apple.product-type.bundle.unit-test";
		};
		11DD73442893033300ADA494 /* app-bleUITests */ = {
			isa = PBXNativeTarget;
			buildConfigurationList = 11DD73552893033300ADA494 /* Build configuration list for PBXNativeTarget "app-bleUITests" */;
			buildPhases = (
				1C1C9C5CE06413986F6E3B45 /* [CP] Check Pods Manifest.lock */,
				11DD73412893033300ADA494 /* Sources */,
				11DD73422893033300ADA494 /* Frameworks */,
				11DD73432893033300ADA494 /* Resources */,
				F2B74B40BA1CAEA1088EA2C6 /* [CP] Embed Pods Frameworks */,
			);
			buildRules = (
			);
			dependencies = (
				11DD73472893033300ADA494 /* PBXTargetDependency */,
			);
			name = "app-bleUITests";
			productName = "app-bleUITests";
			productReference = 11DD73452893033300ADA494 /* app-bleUITests.xctest */;
			productType = "com.apple.product-type.bundle.ui-testing";
		};
/* End PBXNativeTarget section */

/* Begin PBXProject section */
		11DD73232893033100ADA494 /* Project object */ = {
			isa = PBXProject;
			attributes = {
				BuildIndependentTargetsInParallel = 1;
				LastSwiftUpdateCheck = 1340;
				LastUpgradeCheck = 1340;
				TargetAttributes = {
					11DD732A2893033100ADA494 = {
						CreatedOnToolsVersion = 13.4.1;
					};
					11DD733A2893033300ADA494 = {
						CreatedOnToolsVersion = 13.4.1;
						TestTargetID = 11DD732A2893033100ADA494;
					};
					11DD73442893033300ADA494 = {
						CreatedOnToolsVersion = 13.4.1;
						TestTargetID = 11DD732A2893033100ADA494;
					};
				};
			};
			buildConfigurationList = 11DD73262893033100ADA494 /* Build configuration list for PBXProject "app-ble" */;
			compatibilityVersion = "Xcode 13.0";
			developmentRegion = en;
			hasScannedForEncodings = 0;
			knownRegions = (
				en,
				Base,
			);
			mainGroup = 11DD73222893033100ADA494;
			productRefGroup = 11DD732C2893033100ADA494 /* Products */;
			projectDirPath = "";
			projectRoot = "";
			targets = (
				11DD732A2893033100ADA494 /* app-ble */,
				11DD733A2893033300ADA494 /* app-bleTests */,
				11DD73442893033300ADA494 /* app-bleUITests */,
			);
		};
/* End PBXProject section */

/* Begin PBXResourcesBuildPhase section */
		11DD73292893033100ADA494 /* Resources */ = {
			isa = PBXResourcesBuildPhase;
			buildActionMask = 2147483647;
			files = (
				11DD73362893033300ADA494 /* Preview Assets.xcassets in Resources */,
				11DD73332893033300ADA494 /* Assets.xcassets in Resources */,
			);
			runOnlyForDeploymentPostprocessing = 0;
		};
		11DD73392893033300ADA494 /* Resources */ = {
			isa = PBXResourcesBuildPhase;
			buildActionMask = 2147483647;
			files = (
			);
			runOnlyForDeploymentPostprocessing = 0;
		};
		11DD73432893033300ADA494 /* Resources */ = {
			isa = PBXResourcesBuildPhase;
			buildActionMask = 2147483647;
			files = (
			);
			runOnlyForDeploymentPostprocessing = 0;
		};
/* End PBXResourcesBuildPhase section */

/* Begin PBXShellScriptBuildPhase section */
		1C1C9C5CE06413986F6E3B45 /* [CP] Check Pods Manifest.lock */ = {
			isa = PBXShellScriptBuildPhase;
			buildActionMask = 2147483647;
			files = (
			);
			inputFileListPaths = (
			);
			inputPaths = (
				"${PODS_PODFILE_DIR_PATH}/Podfile.lock",
				"${PODS_ROOT}/Manifest.lock",
			);
			name = "[CP] Check Pods Manifest.lock";
			outputFileListPaths = (
			);
			outputPaths = (
				"$(DERIVED_FILE_DIR)/Pods-app-ble-app-bleUITests-checkManifestLockResult.txt",
			);
			runOnlyForDeploymentPostprocessing = 0;
			shellPath = /bin/sh;
			shellScript = "diff \"${PODS_PODFILE_DIR_PATH}/Podfile.lock\" \"${PODS_ROOT}/Manifest.lock\" > /dev/null\nif [ $? != 0 ] ; then\n    # print error to STDERR\n    echo \"error: The sandbox is not in sync with the Podfile.lock. Run 'pod install' or update your CocoaPods installation.\" >&2\n    exit 1\nfi\n# This output is used by Xcode 'outputs' to avoid re-running this script phase.\necho \"SUCCESS\" > \"${SCRIPT_OUTPUT_FILE_0}\"\n";
			showEnvVarsInLog = 0;
		};
		24B62D24909257C55669C7F7 /* [CP] Embed Pods Frameworks */ = {
			isa = PBXShellScriptBuildPhase;
			buildActionMask = 2147483647;
			files = (
			);
			inputFileListPaths = (
				"${PODS_ROOT}/Target Support Files/Pods-app-ble/Pods-app-ble-frameworks-${CONFIGURATION}-input-files.xcfilelist",
			);
			name = "[CP] Embed Pods Frameworks";
			outputFileListPaths = (
				"${PODS_ROOT}/Target Support Files/Pods-app-ble/Pods-app-ble-frameworks-${CONFIGURATION}-output-files.xcfilelist",
			);
			runOnlyForDeploymentPostprocessing = 0;
			shellPath = /bin/sh;
			shellScript = "\"${PODS_ROOT}/Target Support Files/Pods-app-ble/Pods-app-ble-frameworks.sh\"\n";
			showEnvVarsInLog = 0;
		};
		BB1486079F44DBD688D311D0 /* [CP] Check Pods Manifest.lock */ = {
			isa = PBXShellScriptBuildPhase;
			buildActionMask = 2147483647;
			files = (
			);
			inputFileListPaths = (
			);
			inputPaths = (
				"${PODS_PODFILE_DIR_PATH}/Podfile.lock",
				"${PODS_ROOT}/Manifest.lock",
			);
			name = "[CP] Check Pods Manifest.lock";
			outputFileListPaths = (
			);
			outputPaths = (
				"$(DERIVED_FILE_DIR)/Pods-app-bleTests-checkManifestLockResult.txt",
			);
			runOnlyForDeploymentPostprocessing = 0;
			shellPath = /bin/sh;
			shellScript = "diff \"${PODS_PODFILE_DIR_PATH}/Podfile.lock\" \"${PODS_ROOT}/Manifest.lock\" > /dev/null\nif [ $? != 0 ] ; then\n    # print error to STDERR\n    echo \"error: The sandbox is not in sync with the Podfile.lock. Run 'pod install' or update your CocoaPods installation.\" >&2\n    exit 1\nfi\n# This output is used by Xcode 'outputs' to avoid re-running this script phase.\necho \"SUCCESS\" > \"${SCRIPT_OUTPUT_FILE_0}\"\n";
			showEnvVarsInLog = 0;
		};
		E3808C73063DBB5CDC0D50D7 /* [CP] Check Pods Manifest.lock */ = {
			isa = PBXShellScriptBuildPhase;
			buildActionMask = 2147483647;
			files = (
			);
			inputFileListPaths = (
			);
			inputPaths = (
				"${PODS_PODFILE_DIR_PATH}/Podfile.lock",
				"${PODS_ROOT}/Manifest.lock",
			);
			name = "[CP] Check Pods Manifest.lock";
			outputFileListPaths = (
			);
			outputPaths = (
				"$(DERIVED_FILE_DIR)/Pods-app-ble-checkManifestLockResult.txt",
			);
			runOnlyForDeploymentPostprocessing = 0;
			shellPath = /bin/sh;
			shellScript = "diff \"${PODS_PODFILE_DIR_PATH}/Podfile.lock\" \"${PODS_ROOT}/Manifest.lock\" > /dev/null\nif [ $? != 0 ] ; then\n    # print error to STDERR\n    echo \"error: The sandbox is not in sync with the Podfile.lock. Run 'pod install' or update your CocoaPods installation.\" >&2\n    exit 1\nfi\n# This output is used by Xcode 'outputs' to avoid re-running this script phase.\necho \"SUCCESS\" > \"${SCRIPT_OUTPUT_FILE_0}\"\n";
			showEnvVarsInLog = 0;
		};
		F2B74B40BA1CAEA1088EA2C6 /* [CP] Embed Pods Frameworks */ = {
			isa = PBXShellScriptBuildPhase;
			buildActionMask = 2147483647;
			files = (
			);
			inputFileListPaths = (
				"${PODS_ROOT}/Target Support Files/Pods-app-ble-app-bleUITests/Pods-app-ble-app-bleUITests-frameworks-${CONFIGURATION}-input-files.xcfilelist",
			);
			name = "[CP] Embed Pods Frameworks";
			outputFileListPaths = (
				"${PODS_ROOT}/Target Support Files/Pods-app-ble-app-bleUITests/Pods-app-ble-app-bleUITests-frameworks-${CONFIGURATION}-output-files.xcfilelist",
			);
			runOnlyForDeploymentPostprocessing = 0;
			shellPath = /bin/sh;
			shellScript = "\"${PODS_ROOT}/Target Support Files/Pods-app-ble-app-bleUITests/Pods-app-ble-app-bleUITests-frameworks.sh\"\n";
			showEnvVarsInLog = 0;
		};
/* End PBXShellScriptBuildPhase section */

/* Begin PBXSourcesBuildPhase section */
		11DD73272893033100ADA494 /* Sources */ = {
			isa = PBXSourcesBuildPhase;
			buildActionMask = 2147483647;
			files = (
				11DD73312893033100ADA494 /* ContentView.swift in Sources */,
				11DD732F2893033100ADA494 /* app_bleApp.swift in Sources */,
			);
			runOnlyForDeploymentPostprocessing = 0;
		};
		11DD73372893033300ADA494 /* Sources */ = {
			isa = PBXSourcesBuildPhase;
			buildActionMask = 2147483647;
			files = (
				11DD73402893033300ADA494 /* app_bleTests.swift in Sources */,
			);
			runOnlyForDeploymentPostprocessing = 0;
		};
		11DD73412893033300ADA494 /* Sources */ = {
			isa = PBXSourcesBuildPhase;
			buildActionMask = 2147483647;
			files = (
				11DD734C2893033300ADA494 /* app_bleUITestsLaunchTests.swift in Sources */,
				11DD734A2893033300ADA494 /* app_bleUITests.swift in Sources */,
			);
			runOnlyForDeploymentPostprocessing = 0;
		};
/* End PBXSourcesBuildPhase section */

/* Begin PBXTargetDependency section */
		11DD733D2893033300ADA494 /* PBXTargetDependency */ = {
			isa = PBXTargetDependency;
			target = 11DD732A2893033100ADA494 /* app-ble */;
			targetProxy = 11DD733C2893033300ADA494 /* PBXContainerItemProxy */;
		};
		11DD73472893033300ADA494 /* PBXTargetDependency */ = {
			isa = PBXTargetDependency;
			target = 11DD732A2893033100ADA494 /* app-ble */;
			targetProxy = 11DD73462893033300ADA494 /* PBXContainerItemProxy */;
		};
/* End PBXTargetDependency section */

/* Begin XCBuildConfiguration section */
		11DD734D2893033300ADA494 /* Debug */ = {
			isa = XCBuildConfiguration;
			buildSettings = {
				ALWAYS_SEARCH_USER_PATHS = NO;
				CLANG_ANALYZER_NONNULL = YES;
				CLANG_ANALYZER_NUMBER_OBJECT_CONVERSION = YES_AGGRESSIVE;
				CLANG_CXX_LANGUAGE_STANDARD = "gnu++17";
				CLANG_ENABLE_MODULES = YES;
				CLANG_ENABLE_OBJC_ARC = YES;
				CLANG_ENABLE_OBJC_WEAK = YES;
				CLANG_WARN_BLOCK_CAPTURE_AUTORELEASING = YES;
				CLANG_WARN_BOOL_CONVERSION = YES;
				CLANG_WARN_COMMA = YES;
				CLANG_WARN_CONSTANT_CONVERSION = YES;
				CLANG_WARN_DEPRECATED_OBJC_IMPLEMENTATIONS = YES;
				CLANG_WARN_DIRECT_OBJC_ISA_USAGE = YES_ERROR;
				CLANG_WARN_DOCUMENTATION_COMMENTS = YES;
				CLANG_WARN_EMPTY_BODY = YES;
				CLANG_WARN_ENUM_CONVERSION = YES;
				CLANG_WARN_INFINITE_RECURSION = YES;
				CLANG_WARN_INT_CONVERSION = YES;
				CLANG_WARN_NON_LITERAL_NULL_CONVERSION = YES;
				CLANG_WARN_OBJC_IMPLICIT_RETAIN_SELF = YES;
				CLANG_WARN_OBJC_LITERAL_CONVERSION = YES;
				CLANG_WARN_OBJC_ROOT_CLASS = YES_ERROR;
				CLANG_WARN_QUOTED_INCLUDE_IN_FRAMEWORK_HEADER = YES;
				CLANG_WARN_RANGE_LOOP_ANALYSIS = YES;
				CLANG_WARN_STRICT_PROTOTYPES = YES;
				CLANG_WARN_SUSPICIOUS_MOVE = YES;
				CLANG_WARN_UNGUARDED_AVAILABILITY = YES_AGGRESSIVE;
				CLANG_WARN_UNREACHABLE_CODE = YES;
				CLANG_WARN__DUPLICATE_METHOD_MATCH = YES;
				COPY_PHASE_STRIP = NO;
				DEBUG_INFORMATION_FORMAT = dwarf;
				ENABLE_STRICT_OBJC_MSGSEND = YES;
				ENABLE_TESTABILITY = YES;
				GCC_C_LANGUAGE_STANDARD = gnu11;
				GCC_DYNAMIC_NO_PIC = NO;
				GCC_NO_COMMON_BLOCKS = YES;
				GCC_OPTIMIZATION_LEVEL = 0;
				GCC_PREPROCESSOR_DEFINITIONS = (
					"DEBUG=1",
					"$(inherited)",
				);
				GCC_WARN_64_TO_32_BIT_CONVERSION = YES;
				GCC_WARN_ABOUT_RETURN_TYPE = YES_ERROR;
				GCC_WARN_UNDECLARED_SELECTOR = YES;
				GCC_WARN_UNINITIALIZED_AUTOS = YES_AGGRESSIVE;
				GCC_WARN_UNUSED_FUNCTION = YES;
				GCC_WARN_UNUSED_VARIABLE = YES;
				IPHONEOS_DEPLOYMENT_TARGET = 15.5;
				MTL_ENABLE_DEBUG_INFO = INCLUDE_SOURCE;
				MTL_FAST_MATH = YES;
				ONLY_ACTIVE_ARCH = YES;
				SDKROOT = iphoneos;
				SWIFT_ACTIVE_COMPILATION_CONDITIONS = DEBUG;
				SWIFT_OPTIMIZATION_LEVEL = "-Onone";
			};
			name = Debug;
		};
		11DD734E2893033300ADA494 /* Release */ = {
			isa = XCBuildConfiguration;
			buildSettings = {
				ALWAYS_SEARCH_USER_PATHS = NO;
				CLANG_ANALYZER_NONNULL = YES;
				CLANG_ANALYZER_NUMBER_OBJECT_CONVERSION = YES_AGGRESSIVE;
				CLANG_CXX_LANGUAGE_STANDARD = "gnu++17";
				CLANG_ENABLE_MODULES = YES;
				CLANG_ENABLE_OBJC_ARC = YES;
				CLANG_ENABLE_OBJC_WEAK = YES;
				CLANG_WARN_BLOCK_CAPTURE_AUTORELEASING = YES;
				CLANG_WARN_BOOL_CONVERSION = YES;
				CLANG_WARN_COMMA = YES;
				CLANG_WARN_CONSTANT_CONVERSION = YES;
				CLANG_WARN_DEPRECATED_OBJC_IMPLEMENTATIONS = YES;
				CLANG_WARN_DIRECT_OBJC_ISA_USAGE = YES_ERROR;
				CLANG_WARN_DOCUMENTATION_COMMENTS = YES;
				CLANG_WARN_EMPTY_BODY = YES;
				CLANG_WARN_ENUM_CONVERSION = YES;
				CLANG_WARN_INFINITE_RECURSION = YES;
				CLANG_WARN_INT_CONVERSION = YES;
				CLANG_WARN_NON_LITERAL_NULL_CONVERSION = YES;
				CLANG_WARN_OBJC_IMPLICIT_RETAIN_SELF = YES;
				CLANG_WARN_OBJC_LITERAL_CONVERSION = YES;
				CLANG_WARN_OBJC_ROOT_CLASS = YES_ERROR;
				CLANG_WARN_QUOTED_INCLUDE_IN_FRAMEWORK_HEADER = YES;
				CLANG_WARN_RANGE_LOOP_ANALYSIS = YES;
				CLANG_WARN_STRICT_PROTOTYPES = YES;
				CLANG_WARN_SUSPICIOUS_MOVE = YES;
				CLANG_WARN_UNGUARDED_AVAILABILITY = YES_AGGRESSIVE;
				CLANG_WARN_UNREACHABLE_CODE = YES;
				CLANG_WARN__DUPLICATE_METHOD_MATCH = YES;
				COPY_PHASE_STRIP = NO;
				DEBUG_INFORMATION_FORMAT = "dwarf-with-dsym";
				ENABLE_NS_ASSERTIONS = NO;
				ENABLE_STRICT_OBJC_MSGSEND = YES;
				GCC_C_LANGUAGE_STANDARD = gnu11;
				GCC_NO_COMMON_BLOCKS = YES;
				GCC_WARN_64_TO_32_BIT_CONVERSION = YES;
				GCC_WARN_ABOUT_RETURN_TYPE = YES_ERROR;
				GCC_WARN_UNDECLARED_SELECTOR = YES;
				GCC_WARN_UNINITIALIZED_AUTOS = YES_AGGRESSIVE;
				GCC_WARN_UNUSED_FUNCTION = YES;
				GCC_WARN_UNUSED_VARIABLE = YES;
				IPHONEOS_DEPLOYMENT_TARGET = 15.5;
				MTL_ENABLE_DEBUG_INFO = NO;
				MTL_FAST_MATH = YES;
				SDKROOT = iphoneos;
				SWIFT_COMPILATION_MODE = wholemodule;
				SWIFT_OPTIMIZATION_LEVEL = "-O";
				VALIDATE_PRODUCT = YES;
			};
			name = Release;
		};
		11DD73502893033300ADA494 /* Debug */ = {
			isa = XCBuildConfiguration;
			baseConfigurationReference = E09DF5C1039C9BC6F336BBCB /* Pods-app-ble.debug.xcconfig */;
			buildSettings = {
				ASSETCATALOG_COMPILER_APPICON_NAME = AppIcon;
				ASSETCATALOG_COMPILER_GLOBAL_ACCENT_COLOR_NAME = AccentColor;
				CODE_SIGN_STYLE = Automatic;
				CURRENT_PROJECT_VERSION = 1;
				DEVELOPMENT_ASSET_PATHS = "\"app-ble/Preview Content\"";
				DEVELOPMENT_TEAM = 8CJ9M6ZMVB;
				ENABLE_PREVIEWS = YES;
				GENERATE_INFOPLIST_FILE = YES;
				INFOPLIST_KEY_LSApplicationCategoryType = "";
				INFOPLIST_KEY_NSBluetoothAlwaysUsageDescription = "Glucose Data";
				INFOPLIST_KEY_UIApplicationSceneManifest_Generation = YES;
				INFOPLIST_KEY_UIApplicationSupportsIndirectInputEvents = YES;
				INFOPLIST_KEY_UILaunchScreen_Generation = YES;
				INFOPLIST_KEY_UISupportedInterfaceOrientations_iPad = "UIInterfaceOrientationPortrait UIInterfaceOrientationPortraitUpsideDown UIInterfaceOrientationLandscapeLeft UIInterfaceOrientationLandscapeRight";
				INFOPLIST_KEY_UISupportedInterfaceOrientations_iPhone = "UIInterfaceOrientationPortrait UIInterfaceOrientationLandscapeLeft UIInterfaceOrientationLandscapeRight";
				LD_RUNPATH_SEARCH_PATHS = (
					"$(inherited)",
					"@executable_path/Frameworks",
				);
				MARKETING_VERSION = 1.0;
				PRODUCT_BUNDLE_IDENTIFIER = "com.nickbuller.app-ble";
				PRODUCT_NAME = "$(TARGET_NAME)";
				SWIFT_EMIT_LOC_STRINGS = YES;
				SWIFT_VERSION = 5.0;
				TARGETED_DEVICE_FAMILY = "1,2";
			};
			name = Debug;
		};
		11DD73512893033300ADA494 /* Release */ = {
			isa = XCBuildConfiguration;
			baseConfigurationReference = 14C6FDC3025CEBB36937D781 /* Pods-app-ble.release.xcconfig */;
			buildSettings = {
				ASSETCATALOG_COMPILER_APPICON_NAME = AppIcon;
				ASSETCATALOG_COMPILER_GLOBAL_ACCENT_COLOR_NAME = AccentColor;
				CODE_SIGN_STYLE = Automatic;
				CURRENT_PROJECT_VERSION = 1;
				DEVELOPMENT_ASSET_PATHS = "\"app-ble/Preview Content\"";
				DEVELOPMENT_TEAM = 8CJ9M6ZMVB;
				ENABLE_PREVIEWS = YES;
				GENERATE_INFOPLIST_FILE = YES;
				INFOPLIST_KEY_LSApplicationCategoryType = "";
				INFOPLIST_KEY_NSBluetoothAlwaysUsageDescription = "Glucose Data";
				INFOPLIST_KEY_UIApplicationSceneManifest_Generation = YES;
				INFOPLIST_KEY_UIApplicationSupportsIndirectInputEvents = YES;
				INFOPLIST_KEY_UILaunchScreen_Generation = YES;
				INFOPLIST_KEY_UISupportedInterfaceOrientations_iPad = "UIInterfaceOrientationPortrait UIInterfaceOrientationPortraitUpsideDown UIInterfaceOrientationLandscapeLeft UIInterfaceOrientationLandscapeRight";
				INFOPLIST_KEY_UISupportedInterfaceOrientations_iPhone = "UIInterfaceOrientationPortrait UIInterfaceOrientationLandscapeLeft UIInterfaceOrientationLandscapeRight";
				LD_RUNPATH_SEARCH_PATHS = (
					"$(inherited)",
					"@executable_path/Frameworks",
				);
				MARKETING_VERSION = 1.0;
				PRODUCT_BUNDLE_IDENTIFIER = "com.nickbuller.app-ble";
				PRODUCT_NAME = "$(TARGET_NAME)";
				SWIFT_EMIT_LOC_STRINGS = YES;
				SWIFT_VERSION = 5.0;
				TARGETED_DEVICE_FAMILY = "1,2";
			};
			name = Release;
		};
		11DD73532893033300ADA494 /* Debug */ = {
			isa = XCBuildConfiguration;
			baseConfigurationReference = BFF5B5AC6B12610FA8439D0B /* Pods-app-bleTests.debug.xcconfig */;
			buildSettings = {
				ALWAYS_EMBED_SWIFT_STANDARD_LIBRARIES = YES;
				BUNDLE_LOADER = "$(TEST_HOST)";
				CODE_SIGN_STYLE = Automatic;
				CURRENT_PROJECT_VERSION = 1;
				DEVELOPMENT_TEAM = 8CJ9M6ZMVB;
				GENERATE_INFOPLIST_FILE = YES;
				IPHONEOS_DEPLOYMENT_TARGET = 15.5;
				MARKETING_VERSION = 1.0;
				PRODUCT_BUNDLE_IDENTIFIER = "com.nickbuller.app-bleTests";
				PRODUCT_NAME = "$(TARGET_NAME)";
				SWIFT_EMIT_LOC_STRINGS = NO;
				SWIFT_VERSION = 5.0;
				TARGETED_DEVICE_FAMILY = "1,2";
				TEST_HOST = "$(BUILT_PRODUCTS_DIR)/app-ble.app/app-ble";
			};
			name = Debug;
		};
		11DD73542893033300ADA494 /* Release */ = {
			isa = XCBuildConfiguration;
			baseConfigurationReference = 3EB3B2C5ECD6AA32611C6A0F /* Pods-app-bleTests.release.xcconfig */;
			buildSettings = {
				ALWAYS_EMBED_SWIFT_STANDARD_LIBRARIES = YES;
				BUNDLE_LOADER = "$(TEST_HOST)";
				CODE_SIGN_STYLE = Automatic;
				CURRENT_PROJECT_VERSION = 1;
				DEVELOPMENT_TEAM = 8CJ9M6ZMVB;
				GENERATE_INFOPLIST_FILE = YES;
				IPHONEOS_DEPLOYMENT_TARGET = 15.5;
				MARKETING_VERSION = 1.0;
				PRODUCT_BUNDLE_IDENTIFIER = "com.nickbuller.app-bleTests";
				PRODUCT_NAME = "$(TARGET_NAME)";
				SWIFT_EMIT_LOC_STRINGS = NO;
				SWIFT_VERSION = 5.0;
				TARGETED_DEVICE_FAMILY = "1,2";
				TEST_HOST = "$(BUILT_PRODUCTS_DIR)/app-ble.app/app-ble";
			};
			name = Release;
		};
		11DD73562893033300ADA494 /* Debug */ = {
			isa = XCBuildConfiguration;
			baseConfigurationReference = B49CA43064675CCC28C08B5C /* Pods-app-ble-app-bleUITests.debug.xcconfig */;
			buildSettings = {
				ALWAYS_EMBED_SWIFT_STANDARD_LIBRARIES = YES;
				CODE_SIGN_STYLE = Automatic;
				CURRENT_PROJECT_VERSION = 1;
				DEVELOPMENT_TEAM = 8CJ9M6ZMVB;
				GENERATE_INFOPLIST_FILE = YES;
				MARKETING_VERSION = 1.0;
				PRODUCT_BUNDLE_IDENTIFIER = "com.nickbuller.app-bleUITests";
				PRODUCT_NAME = "$(TARGET_NAME)";
				SWIFT_EMIT_LOC_STRINGS = NO;
				SWIFT_VERSION = 5.0;
				TARGETED_DEVICE_FAMILY = "1,2";
				TEST_TARGET_NAME = "app-ble";
			};
			name = Debug;
		};
		11DD73572893033300ADA494 /* Release */ = {
			isa = XCBuildConfiguration;
			baseConfigurationReference = 281BCA2E6D6A3389292180AF /* Pods-app-ble-app-bleUITests.release.xcconfig */;
			buildSettings = {
				ALWAYS_EMBED_SWIFT_STANDARD_LIBRARIES = YES;
				CODE_SIGN_STYLE = Automatic;
				CURRENT_PROJECT_VERSION = 1;
				DEVELOPMENT_TEAM = 8CJ9M6ZMVB;
				GENERATE_INFOPLIST_FILE = YES;
				MARKETING_VERSION = 1.0;
				PRODUCT_BUNDLE_IDENTIFIER = "com.nickbuller.app-bleUITests";
				PRODUCT_NAME = "$(TARGET_NAME)";
				SWIFT_EMIT_LOC_STRINGS = NO;
				SWIFT_VERSION = 5.0;
				TARGETED_DEVICE_FAMILY = "1,2";
				TEST_TARGET_NAME = "app-ble";
			};
			name = Release;
		};
/* End XCBuildConfiguration section */

/* Begin XCConfigurationList section */
		11DD73262893033100ADA494 /* Build configuration list for PBXProject "app-ble" */ = {
			isa = XCConfigurationList;
			buildConfigurations = (
				11DD734D2893033300ADA494 /* Debug */,
				11DD734E2893033300ADA494 /* Release */,
			);
			defaultConfigurationIsVisible = 0;
			defaultConfigurationName = Release;
		};
		11DD734F2893033300ADA494 /* Build configuration list for PBXNativeTarget "app-ble" */ = {
			isa = XCConfigurationList;
			buildConfigurations = (
				11DD73502893033300ADA494 /* Debug */,
				11DD73512893033300ADA494 /* Release */,
			);
			defaultConfigurationIsVisible = 0;
			defaultConfigurationName = Release;
		};
		11DD73522893033300ADA494 /* Build configuration list for PBXNativeTarget "app-bleTests" */ = {
			isa = XCConfigurationList;
			buildConfigurations = (
				11DD73532893033300ADA494 /* Debug */,
				11DD73542893033300ADA494 /* Release */,
			);
			defaultConfigurationIsVisible = 0;
			defaultConfigurationName = Release;
		};
		11DD73552893033300ADA494 /* Build configuration list for PBXNativeTarget "app-bleUITests" */ = {
			isa = XCConfigurationList;
			buildConfigurations = (
				11DD73562893033300ADA494 /* Debug */,
				11DD73572893033300ADA494 /* Release */,
			);
			defaultConfigurationIsVisible = 0;
			defaultConfigurationName = Release;
		};
/* End XCConfigurationList section */
	};
	rootObject = 11DD73232893033100ADA494 /* Project object */;
}
